
Microsoft Visual Studio Solution File, Format Version 12.00
# Visual Studio 15
VisualStudioVersion = 15.0.27729.1
MinimumVisualStudioVersion = 10.0.40219.1
Project("{888888A0-9F3D-457C-B088-3A5042F75D52}") = "eaglebom_update_attr", "eaglebom_update_attr\eaglebom_update_attr.pyproj", "{D6CB479F-94B1-424A-9DA6-C274E5421A49}"
EndProject
Global
	GlobalSection(SolutionConfigurationPlatforms) = preSolution
		Debug|Any CPU = Debug|Any CPU
		Release|Any CPU = Release|Any CPU
	EndGlobalSection
	GlobalSection(ProjectConfigurationPlatforms) = postSolution
		{D6CB479F-94B1-424A-9DA6-C274E5421A49}.Debug|Any CPU.ActiveCfg = Debug|Any CPU
		{D6CB479F-94B1-424A-9DA6-C274E5421A49}.Release|Any CPU.ActiveCfg = Release|Any CPU
	EndGlobalSection
	GlobalSection(SolutionProperties) = preSolution
		HideSolutionNode = FALSE
	EndGlobalSection
	GlobalSection(ExtensibilityGlobals) = postSolution
		SolutionGuid = {A3EB2C2E-474B-464B-8C70-DBC5FFEA2DC8}
	EndGlobalSection
EndGlobal
